# THIS IS AN AUTOGENERATED FILE. DO NOT EDIT THIS FILE DIRECTLY.
# yarn lockfile v1


echarts@^4.1.0:
  version "4.1.0"
  resolved "https://registry.npmjs.org/echarts/-/echarts-4.1.0.tgz#d588c95f73c1a9928b9c73d5b769751c3185bcdc"
  dependencies:
    zrender "4.0.4"

zrender@4.0.4:
  version "4.0.4"
  resolved "https://registry.npmjs.org/zrender/-/zrender-4.0.4.tgz#910e60d888f00c9599073f23758dd23345fe48fd"
